
Microsoft Visual Studio Solution File, Format Version 12.00
# Visual Studio Version 17
VisualStudioVersion = 17.2.32519.379
MinimumVisualStudioVersion = 10.0.40219.1
Project("{9A19103F-16F7-4668-BE54-9A1E7A4F7556}") = "dotnet-webapi-playground", "dotnet-webapi-playground.csproj", "{87AC3E9F-FD33-40C4-836C-A68E45C6398D}"
EndProject
Global
	GlobalSection(SolutionConfigurationPlatforms) = preSolution
		Debug|Any CPU = Debug|Any CPU
		Release|Any CPU = Release|Any CPU
	EndGlobalSection
	GlobalSection(ProjectConfigurationPlatforms) = postSolution
		{87AC3E9F-FD33-40C4-836C-A68E45C6398D}.Debug|Any CPU.ActiveCfg = Debug|Any CPU
		{87AC3E9F-FD33-40C4-836C-A68E45C6398D}.Debug|Any CPU.Build.0 = Debug|Any CPU
		{87AC3E9F-FD33-40C4-836C-A68E45C6398D}.Release|Any CPU.ActiveCfg = Release|Any CPU
		{87AC3E9F-FD33-40C4-836C-A68E45C6398D}.Release|Any CPU.Build.0 = Release|Any CPU
	EndGlobalSection
	GlobalSection(SolutionProperties) = preSolution
		HideSolutionNode = FALSE
	EndGlobalSection
	GlobalSection(ExtensibilityGlobals) = postSolution
		SolutionGuid = {D52EF2C4-295A-4658-990A-60B95DCD90EB}
	EndGlobalSection
EndGlobal
